// !$*UTF8*$!
{
	archiveVersion = 1;
	classes = {
	};
	objectVersion = 56;
	objects = {

/* Begin PBXBuildFile section */
		C52B630729930ECA00691DFA /* AppDelegate.swift in Sources */ = {isa = PBXBuildFile; fileRef = C52B630629930ECA00691DFA /* AppDelegate.swift */; };
		C52B630929930ECA00691DFA /* SceneDelegate.swift in Sources */ = {isa = PBXBuildFile; fileRef = C52B630829930ECA00691DFA /* SceneDelegate.swift */; };
		C52B630B29930ECA00691DFA /* ViewController.swift in Sources */ = {isa = PBXBuildFile; fileRef = C52B630A29930ECA00691DFA /* ViewController.swift */; };
		C52B631029930ECC00691DFA /* Assets.xcassets in Resources */ = {isa = PBXBuildFile; fileRef = C52B630F29930ECC00691DFA /* Assets.xcassets */; };
		C52B631329930ECC00691DFA /* LaunchScreen.storyboard in Resources */ = {isa = PBXBuildFile; fileRef = C52B631129930ECC00691DFA /* LaunchScreen.storyboard */; };
		C52B631D299322E900691DFA /* Branch in Frameworks */ = {isa = PBXBuildFile; productRef = C52B631C299322E900691DFA /* Branch */; };
		C52B63202993233900691DFA /* iAd.framework in Frameworks */ = {isa = PBXBuildFile; fileRef = C52B631F2993233900691DFA /* iAd.framework */; };
		C52B63222993233F00691DFA /* WebKit.framework in Frameworks */ = {isa = PBXBuildFile; fileRef = C52B63212993233F00691DFA /* WebKit.framework */; };
		C52B63242993234700691DFA /* CoreTelephony.framework in Frameworks */ = {isa = PBXBuildFile; fileRef = C52B63232993234700691DFA /* CoreTelephony.framework */; };
		C52B63262993234E00691DFA /* CoreSpotlight.framework in Frameworks */ = {isa = PBXBuildFile; fileRef = C52B63252993234E00691DFA /* CoreSpotlight.framework */; };
		C52B63282993235500691DFA /* SystemConfiguration.framework in Frameworks */ = {isa = PBXBuildFile; fileRef = C52B63272993235500691DFA /* SystemConfiguration.framework */; };
		C52B632A2993235D00691DFA /* CoreServices.framework in Frameworks */ = {isa = PBXBuildFile; fileRef = C52B63292993235D00691DFA /* CoreServices.framework */; };
		C52B632C2993236200691DFA /* AdSupport.framework in Frameworks */ = {isa = PBXBuildFile; fileRef = C52B632B2993236200691DFA /* AdSupport.framework */; };
		C52B632E2993236800691DFA /* AdServices.framework in Frameworks */ = {isa = PBXBuildFile; fileRef = C52B632D2993236800691DFA /* AdServices.framework */; };
/* End PBXBuildFile section */

/* Begin PBXFileReference section */
		C52B630329930ECA00691DFA /* Patina Branch Sample.app */ = {isa = PBXFileReference; explicitFileType = wrapper.application; includeInIndex = 0; path = "Patina Branch Sample.app"; sourceTree = BUILT_PRODUCTS_DIR; };
		C52B630629930ECA00691DFA /* AppDelegate.swift */ = {isa = PBXFileReference; lastKnownFileType = sourcecode.swift; path = AppDelegate.swift; sourceTree = "<group>"; };
		C52B630829930ECA00691DFA /* SceneDelegate.swift */ = {isa = PBXFileReference; lastKnownFileType = sourcecode.swift; path = SceneDelegate.swift; sourceTree = "<group>"; };
		C52B630A29930ECA00691DFA /* ViewController.swift */ = {isa = PBXFileReference; lastKnownFileType = sourcecode.swift; path = ViewController.swift; sourceTree = "<group>"; };
		C52B630F29930ECC00691DFA /* Assets.xcassets */ = {isa = PBXFileReference; lastKnownFileType = folder.assetcatalog; path = Assets.xcassets; sourceTree = "<group>"; };
		C52B631229930ECC00691DFA /* Base */ = {isa = PBXFileReference; lastKnownFileType = file.storyboard; name = Base; path = Base.lproj/LaunchScreen.storyboard; sourceTree = "<group>"; };
		C52B631429930ECC00691DFA /* Info.plist */ = {isa = PBXFileReference; lastKnownFileType = text.plist.xml; path = Info.plist; sourceTree = "<group>"; };
		C52B631A299320F500691DFA /* Patina Branch Sample.entitlements */ = {isa = PBXFileReference; lastKnownFileType = text.plist.entitlements; path = "Patina Branch Sample.entitlements"; sourceTree = "<group>"; };
		C52B631F2993233900691DFA /* iAd.framework */ = {isa = PBXFileReference; lastKnownFileType = wrapper.framework; name = iAd.framework; path = System/Library/Frameworks/iAd.framework; sourceTree = SDKROOT; };
		C52B63212993233F00691DFA /* WebKit.framework */ = {isa = PBXFileReference; lastKnownFileType = wrapper.framework; name = WebKit.framework; path = System/Library/Frameworks/WebKit.framework; sourceTree = SDKROOT; };
		C52B63232993234700691DFA /* CoreTelephony.framework */ = {isa = PBXFileReference; lastKnownFileType = wrapper.framework; name = CoreTelephony.framework; path = System/Library/Frameworks/CoreTelephony.framework; sourceTree = SDKROOT; };
		C52B63252993234E00691DFA /* CoreSpotlight.framework */ = {isa = PBXFileReference; lastKnownFileType = wrapper.framework; name = CoreSpotlight.framework; path = System/Library/Frameworks/CoreSpotlight.framework; sourceTree = SDKROOT; };
		C52B63272993235500691DFA /* SystemConfiguration.framework */ = {isa = PBXFileReference; lastKnownFileType = wrapper.framework; name = SystemConfiguration.framework; path = System/Library/Frameworks/SystemConfiguration.framework; sourceTree = SDKROOT; };
		C52B63292993235D00691DFA /* CoreServices.framework */ = {isa = PBXFileReference; lastKnownFileType = wrapper.framework; name = CoreServices.framework; path = System/Library/Frameworks/CoreServices.framework; sourceTree = SDKROOT; };
		C52B632B2993236200691DFA /* AdSupport.framework */ = {isa = PBXFileReference; lastKnownFileType = wrapper.framework; name = AdSupport.framework; path = System/Library/Frameworks/AdSupport.framework; sourceTree = SDKROOT; };
		C52B632D2993236800691DFA /* AdServices.framework */ = {isa = PBXFileReference; lastKnownFileType = wrapper.framework; name = AdServices.framework; path = System/Library/Frameworks/AdServices.framework; sourceTree = SDKROOT; };
/* End PBXFileReference section */

/* Begin PBXFrameworksBuildPhase section */
		C52B630029930ECA00691DFA /* Frameworks */ = {
			isa = PBXFrameworksBuildPhase;
			buildActionMask = 2147483647;
			files = (
				C52B63282993235500691DFA /* SystemConfiguration.framework in Frameworks */,
				C52B63202993233900691DFA /* iAd.framework in Frameworks */,
				C52B63242993234700691DFA /* CoreTelephony.framework in Frameworks */,
				C52B632A2993235D00691DFA /* CoreServices.framework in Frameworks */,
				C52B63262993234E00691DFA /* CoreSpotlight.framework in Frameworks */,
				C52B63222993233F00691DFA /* WebKit.framework in Frameworks */,
				C52B632E2993236800691DFA /* AdServices.framework in Frameworks */,
				C52B632C2993236200691DFA /* AdSupport.framework in Frameworks */,
				C52B631D299322E900691DFA /* Branch in Frameworks */,
			);
			runOnlyForDeploymentPostprocessing = 0;
		};
/* End PBXFrameworksBuildPhase section */

/* Begin PBXGroup section */
		C52B62FA29930ECA00691DFA = {
			isa = PBXGroup;
			children = (
				C52B630529930ECA00691DFA /* Patina Branch Sample */,
				C52B630429930ECA00691DFA /* Products */,
				C52B631E2993233900691DFA /* Frameworks */,
			);
			sourceTree = "<group>";
		};
		C52B630429930ECA00691DFA /* Products */ = {
			isa = PBXGroup;
			children = (
				C52B630329930ECA00691DFA /* Patina Branch Sample.app */,
			);
			name = Products;
			sourceTree = "<group>";
		};
		C52B630529930ECA00691DFA /* Patina Branch Sample */ = {
			isa = PBXGroup;
			children = (
				C52B631A299320F500691DFA /* Patina Branch Sample.entitlements */,
				C52B630629930ECA00691DFA /* AppDelegate.swift */,
				C52B630829930ECA00691DFA /* SceneDelegate.swift */,
				C52B630A29930ECA00691DFA /* ViewController.swift */,
				C52B630F29930ECC00691DFA /* Assets.xcassets */,
				C52B631129930ECC00691DFA /* LaunchScreen.storyboard */,
				C52B631429930ECC00691DFA /* Info.plist */,
			);
			path = "Patina Branch Sample";
			sourceTree = "<group>";
		};
		C52B631E2993233900691DFA /* Frameworks */ = {
			isa = PBXGroup;
			children = (
				C52B632D2993236800691DFA /* AdServices.framework */,
				C52B632B2993236200691DFA /* AdSupport.framework */,
				C52B63292993235D00691DFA /* CoreServices.framework */,
				C52B63272993235500691DFA /* SystemConfiguration.framework */,
				C52B63252993234E00691DFA /* CoreSpotlight.framework */,
				C52B63232993234700691DFA /* CoreTelephony.framework */,
				C52B63212993233F00691DFA /* WebKit.framework */,
				C52B631F2993233900691DFA /* iAd.framework */,
			);
			name = Frameworks;
			sourceTree = "<group>";
		};
/* End PBXGroup section */

/* Begin PBXNativeTarget section */
		C52B630229930ECA00691DFA /* Patina Branch Sample */ = {
			isa = PBXNativeTarget;
			buildConfigurationList = C52B631729930ECC00691DFA /* Build configuration list for PBXNativeTarget "Patina Branch Sample" */;
			buildPhases = (
				C52B62FF29930ECA00691DFA /* Sources */,
				C52B630029930ECA00691DFA /* Frameworks */,
				C52B630129930ECA00691DFA /* Resources */,
			);
			buildRules = (
			);
			dependencies = (
			);
			name = "Patina Branch Sample";
			packageProductDependencies = (
				C52B631C299322E900691DFA /* Branch */,
			);
			productName = "Patina Branch Sample";
			productReference = C52B630329930ECA00691DFA /* Patina Branch Sample.app */;
			productType = "com.apple.product-type.application";
		};
/* End PBXNativeTarget section */

/* Begin PBXProject section */
		C52B62FB29930ECA00691DFA /* Project object */ = {
			isa = PBXProject;
			attributes = {
				BuildIndependentTargetsInParallel = 1;
				LastSwiftUpdateCheck = 1420;
				LastUpgradeCheck = 1420;
				TargetAttributes = {
					C52B630229930ECA00691DFA = {
						CreatedOnToolsVersion = 14.2;
					};
				};
			};
			buildConfigurationList = C52B62FE29930ECA00691DFA /* Build configuration list for PBXProject "Patina Branch Sample" */;
			compatibilityVersion = "Xcode 14.0";
			developmentRegion = en;
			hasScannedForEncodings = 0;
			knownRegions = (
				en,
				Base,
			);
			mainGroup = C52B62FA29930ECA00691DFA;
			packageReferences = (
				C52B631B299322E900691DFA /* XCRemoteSwiftPackageReference "ios-branch-sdk-spm" */,
			);
			productRefGroup = C52B630429930ECA00691DFA /* Products */;
			projectDirPath = "";
			projectRoot = "";
			targets = (
				C52B630229930ECA00691DFA /* Patina Branch Sample */,
			);
		};
/* End PBXProject section */

/* Begin PBXResourcesBuildPhase section */
		C52B630129930ECA00691DFA /* Resources */ = {
			isa = PBXResourcesBuildPhase;
			buildActionMask = 2147483647;
			files = (
				C52B631329930ECC00691DFA /* LaunchScreen.storyboard in Resources */,
				C52B631029930ECC00691DFA /* Assets.xcassets in Resources */,
			);
			runOnlyForDeploymentPostprocessing = 0;
		};
/* End PBXResourcesBuildPhase section */

/* Begin PBXSourcesBuildPhase section */
		C52B62FF29930ECA00691DFA /* Sources */ = {
			isa = PBXSourcesBuildPhase;
			buildActionMask = 2147483647;
			files = (
				C52B630B29930ECA00691DFA /* ViewController.swift in Sources */,
				C52B630729930ECA00691DFA /* AppDelegate.swift in Sources */,
				C52B630929930ECA00691DFA /* SceneDelegate.swift in Sources */,
			);
			runOnlyForDeploymentPostprocessing = 0;
		};
/* End PBXSourcesBuildPhase section */

/* Begin PBXVariantGroup section */
		C52B631129930ECC00691DFA /* LaunchScreen.storyboard */ = {
			isa = PBXVariantGroup;
			children = (
				C52B631229930ECC00691DFA /* Base */,
			);
			name = LaunchScreen.storyboard;
			sourceTree = "<group>";
		};
/* End PBXVariantGroup section */

/* Begin XCBuildConfiguration section */
		C52B631529930ECC00691DFA /* Debug */ = {
			isa = XCBuildConfiguration;
			buildSettings = {
				ALWAYS_SEARCH_USER_PATHS = NO;
				CLANG_ANALYZER_NONNULL = YES;
				CLANG_ANALYZER_NUMBER_OBJECT_CONVERSION = YES_AGGRESSIVE;
				CLANG_CXX_LANGUAGE_STANDARD = "gnu++20";
				CLANG_ENABLE_MODULES = YES;
				CLANG_ENABLE_OBJC_ARC = YES;
				CLANG_ENABLE_OBJC_WEAK = YES;
				CLANG_WARN_BLOCK_CAPTURE_AUTORELEASING = YES;
				CLANG_WARN_BOOL_CONVERSION = YES;
				CLANG_WARN_COMMA = YES;
				CLANG_WARN_CONSTANT_CONVERSION = YES;
				CLANG_WARN_DEPRECATED_OBJC_IMPLEMENTATIONS = YES;
				CLANG_WARN_DIRECT_OBJC_ISA_USAGE = YES_ERROR;
				CLANG_WARN_DOCUMENTATION_COMMENTS = YES;
				CLANG_WARN_EMPTY_BODY = YES;
				CLANG_WARN_ENUM_CONVERSION = YES;
				CLANG_WARN_INFINITE_RECURSION = YES;
				CLANG_WARN_INT_CONVERSION = YES;
				CLANG_WARN_NON_LITERAL_NULL_CONVERSION = YES;
				CLANG_WARN_OBJC_IMPLICIT_RETAIN_SELF = YES;
				CLANG_WARN_OBJC_LITERAL_CONVERSION = YES;
				CLANG_WARN_OBJC_ROOT_CLASS = YES_ERROR;
				CLANG_WARN_QUOTED_INCLUDE_IN_FRAMEWORK_HEADER = YES;
				CLANG_WARN_RANGE_LOOP_ANALYSIS = YES;
				CLANG_WARN_STRICT_PROTOTYPES = YES;
				CLANG_WARN_SUSPICIOUS_MOVE = YES;
				CLANG_WARN_UNGUARDED_AVAILABILITY = YES_AGGRESSIVE;
				CLANG_WARN_UNREACHABLE_CODE = YES;
				CLANG_WARN__DUPLICATE_METHOD_MATCH = YES;
				COPY_PHASE_STRIP = NO;
				DEBUG_INFORMATION_FORMAT = dwarf;
				ENABLE_STRICT_OBJC_MSGSEND = YES;
				ENABLE_TESTABILITY = YES;
				GCC_C_LANGUAGE_STANDARD = gnu11;
				GCC_DYNAMIC_NO_PIC = NO;
				GCC_NO_COMMON_BLOCKS = YES;
				GCC_OPTIMIZATION_LEVEL = 0;
				GCC_PREPROCESSOR_DEFINITIONS = (
					"DEBUG=1",
					"$(inherited)",
				);
				GCC_WARN_64_TO_32_BIT_CONVERSION = YES;
				GCC_WARN_ABOUT_RETURN_TYPE = YES_ERROR;
				GCC_WARN_UNDECLARED_SELECTOR = YES;
				GCC_WARN_UNINITIALIZED_AUTOS = YES_AGGRESSIVE;
				GCC_WARN_UNUSED_FUNCTION = YES;
				GCC_WARN_UNUSED_VARIABLE = YES;
				IPHONEOS_DEPLOYMENT_TARGET = 16.2;
				MTL_ENABLE_DEBUG_INFO = INCLUDE_SOURCE;
				MTL_FAST_MATH = YES;
				ONLY_ACTIVE_ARCH = YES;
				SDKROOT = iphoneos;
				SWIFT_ACTIVE_COMPILATION_CONDITIONS = DEBUG;
				SWIFT_OPTIMIZATION_LEVEL = "-Onone";
			};
			name = Debug;
		};
		C52B631629930ECC00691DFA /* Release */ = {
			isa = XCBuildConfiguration;
			buildSettings = {
				ALWAYS_SEARCH_USER_PATHS = NO;
				CLANG_ANALYZER_NONNULL = YES;
				CLANG_ANALYZER_NUMBER_OBJECT_CONVERSION = YES_AGGRESSIVE;
				CLANG_CXX_LANGUAGE_STANDARD = "gnu++20";
				CLANG_ENABLE_MODULES = YES;
				CLANG_ENABLE_OBJC_ARC = YES;
				CLANG_ENABLE_OBJC_WEAK = YES;
				CLANG_WARN_BLOCK_CAPTURE_AUTORELEASING = YES;
				CLANG_WARN_BOOL_CONVERSION = YES;
				CLANG_WARN_COMMA = YES;
				CLANG_WARN_CONSTANT_CONVERSION = YES;
				CLANG_WARN_DEPRECATED_OBJC_IMPLEMENTATIONS = YES;
				CLANG_WARN_DIRECT_OBJC_ISA_USAGE = YES_ERROR;
				CLANG_WARN_DOCUMENTATION_COMMENTS = YES;
				CLANG_WARN_EMPTY_BODY = YES;
				CLANG_WARN_ENUM_CONVERSION = YES;
				CLANG_WARN_INFINITE_RECURSION = YES;
				CLANG_WARN_INT_CONVERSION = YES;
				CLANG_WARN_NON_LITERAL_NULL_CONVERSION = YES;
				CLANG_WARN_OBJC_IMPLICIT_RETAIN_SELF = YES;
				CLANG_WARN_OBJC_LITERAL_CONVERSION = YES;
				CLANG_WARN_OBJC_ROOT_CLASS = YES_ERROR;
				CLANG_WARN_QUOTED_INCLUDE_IN_FRAMEWORK_HEADER = YES;
				CLANG_WARN_RANGE_LOOP_ANALYSIS = YES;
				CLANG_WARN_STRICT_PROTOTYPES = YES;
				CLANG_WARN_SUSPICIOUS_MOVE = YES;
				CLANG_WARN_UNGUARDED_AVAILABILITY = YES_AGGRESSIVE;
				CLANG_WARN_UNREACHABLE_CODE = YES;
				CLANG_WARN__DUPLICATE_METHOD_MATCH = YES;
				COPY_PHASE_STRIP = NO;
				DEBUG_INFORMATION_FORMAT = "dwarf-with-dsym";
				ENABLE_NS_ASSERTIONS = NO;
				ENABLE_STRICT_OBJC_MSGSEND = YES;
				GCC_C_LANGUAGE_STANDARD = gnu11;
				GCC_NO_COMMON_BLOCKS = YES;
				GCC_WARN_64_TO_32_BIT_CONVERSION = YES;
				GCC_WARN_ABOUT_RETURN_TYPE = YES_ERROR;
				GCC_WARN_UNDECLARED_SELECTOR = YES;
				GCC_WARN_UNINITIALIZED_AUTOS = YES_AGGRESSIVE;
				GCC_WARN_UNUSED_FUNCTION = YES;
				GCC_WARN_UNUSED_VARIABLE = YES;
				IPHONEOS_DEPLOYMENT_TARGET = 16.2;
				MTL_ENABLE_DEBUG_INFO = NO;
				MTL_FAST_MATH = YES;
				SDKROOT = iphoneos;
				SWIFT_COMPILATION_MODE = wholemodule;
				SWIFT_OPTIMIZATION_LEVEL = "-O";
				VALIDATE_PRODUCT = YES;
			};
			name = Release;
		};
		C52B631829930ECC00691DFA /* Debug */ = {
			isa = XCBuildConfiguration;
			buildSettings = {
				ASSETCATALOG_COMPILER_APPICON_NAME = AppIcon;
				ASSETCATALOG_COMPILER_GLOBAL_ACCENT_COLOR_NAME = AccentColor;
				CODE_SIGN_ENTITLEMENTS = "Patina Branch Sample/Patina Branch Sample.entitlements";
				CODE_SIGN_STYLE = Automatic;
				CURRENT_PROJECT_VERSION = 1;
				DEVELOPMENT_TEAM = E2982HR598;
				GENERATE_INFOPLIST_FILE = YES;
				INFOPLIST_FILE = "Patina Branch Sample/Info.plist";
				INFOPLIST_KEY_UIApplicationSupportsIndirectInputEvents = YES;
				INFOPLIST_KEY_UILaunchStoryboardName = LaunchScreen;
				INFOPLIST_KEY_UISupportedInterfaceOrientations = UIInterfaceOrientationPortrait;
				INFOPLIST_KEY_UISupportedInterfaceOrientations_iPad = "UIInterfaceOrientationLandscapeLeft UIInterfaceOrientationLandscapeRight UIInterfaceOrientationPortrait UIInterfaceOrientationPortraitUpsideDown";
				LD_RUNPATH_SEARCH_PATHS = (
					"$(inherited)",
					"@executable_path/Frameworks",
				);
				MARKETING_VERSION = 1.0;
				PRODUCT_BUNDLE_IDENTIFIER = com.patina.Patina;
				PRODUCT_NAME = "$(TARGET_NAME)";
				SUPPORTED_PLATFORMS = "iphoneos iphonesimulator";
				SUPPORTS_MACCATALYST = NO;
				SUPPORTS_MAC_DESIGNED_FOR_IPHONE_IPAD = NO;
				SWIFT_EMIT_LOC_STRINGS = YES;
				SWIFT_VERSION = 5.0;
				TARGETED_DEVICE_FAMILY = 1;
			};
			name = Debug;
		};
		C52B631929930ECC00691DFA /* Release */ = {
			isa = XCBuildConfiguration;
			buildSettings = {
				ASSETCATALOG_COMPILER_APPICON_NAME = AppIcon;
				ASSETCATALOG_COMPILER_GLOBAL_ACCENT_COLOR_NAME = AccentColor;
				CODE_SIGN_ENTITLEMENTS = "Patina Branch Sample/Patina Branch Sample.entitlements";
				CODE_SIGN_STYLE = Automatic;
				CURRENT_PROJECT_VERSION = 1;
				DEVELOPMENT_TEAM = E2982HR598;
				GENERATE_INFOPLIST_FILE = YES;
				INFOPLIST_FILE = "Patina Branch Sample/Info.plist";
				INFOPLIST_KEY_UIApplicationSupportsIndirectInputEvents = YES;
				INFOPLIST_KEY_UILaunchStoryboardName = LaunchScreen;
				INFOPLIST_KEY_UISupportedInterfaceOrientations = UIInterfaceOrientationPortrait;
				INFOPLIST_KEY_UISupportedInterfaceOrientations_iPad = "UIInterfaceOrientationLandscapeLeft UIInterfaceOrientationLandscapeRight UIInterfaceOrientationPortrait UIInterfaceOrientationPortraitUpsideDown";
				LD_RUNPATH_SEARCH_PATHS = (
					"$(inherited)",
					"@executable_path/Frameworks",
				);
				MARKETING_VERSION = 1.0;
				PRODUCT_BUNDLE_IDENTIFIER = com.patina.Patina;
				PRODUCT_NAME = "$(TARGET_NAME)";
				SUPPORTED_PLATFORMS = "iphoneos iphonesimulator";
				SUPPORTS_MACCATALYST = NO;
				SUPPORTS_MAC_DESIGNED_FOR_IPHONE_IPAD = NO;
				SWIFT_EMIT_LOC_STRINGS = YES;
				SWIFT_VERSION = 5.0;
				TARGETED_DEVICE_FAMILY = 1;
			};
			name = Release;
		};
/* End XCBuildConfiguration section */

/* Begin XCConfigurationList section */
		C52B62FE29930ECA00691DFA /* Build configuration list for PBXProject "Patina Branch Sample" */ = {
			isa = XCConfigurationList;
			buildConfigurations = (
				C52B631529930ECC00691DFA /* Debug */,
				C52B631629930ECC00691DFA /* Release */,
			);
			defaultConfigurationIsVisible = 0;
			defaultConfigurationName = Release;
		};
		C52B631729930ECC00691DFA /* Build configuration list for PBXNativeTarget "Patina Branch Sample" */ = {
			isa = XCConfigurationList;
			buildConfigurations = (
				C52B631829930ECC00691DFA /* Debug */,
				C52B631929930ECC00691DFA /* Release */,
			);
			defaultConfigurationIsVisible = 0;
			defaultConfigurationName = Release;
		};
/* End XCConfigurationList section */

/* Begin XCRemoteSwiftPackageReference section */
		C52B631B299322E900691DFA /* XCRemoteSwiftPackageReference "ios-branch-sdk-spm" */ = {
			isa = XCRemoteSwiftPackageReference;
			repositoryURL = "https://github.com/BranchMetrics/ios-branch-sdk-spm";
			requirement = {
				kind = upToNextMajorVersion;
				minimumVersion = 1.0.0;
			};
		};
/* End XCRemoteSwiftPackageReference section */

/* Begin XCSwiftPackageProductDependency section */
		C52B631C299322E900691DFA /* Branch */ = {
			isa = XCSwiftPackageProductDependency;
			package = C52B631B299322E900691DFA /* XCRemoteSwiftPackageReference "ios-branch-sdk-spm" */;
			productName = Branch;
		};
/* End XCSwiftPackageProductDependency section */
	};
	rootObject = C52B62FB29930ECA00691DFA /* Project object */;
}
