{
  "pins" : [
    {
      "identity" : "ios-branch-sdk-spm",
      "kind" : "remoteSourceControl",
      "location" : "https://github.com/BranchMetrics/ios-branch-sdk-spm",
      "state" : {
        "revision" : "65dcd12e0107e1e1c464fabcd0ba29c577648650",
        "version" : "1.45.2"
      }
    }
  ],
  "version" : 2
}
